
Microsoft Visual Studio Solution File, Format Version 12.00
# Visual Studio Version 17
VisualStudioVersion = 17.9.34622.214
MinimumVisualStudioVersion = 10.0.40219.1
Project("{FAE04EC0-301F-11D3-BF4B-00C04F79EFBC}") = "GerenciadorDeArmazem", "GerenciadorDeArmazem\GerenciadorDeArmazem.csproj", "{CBC02E56-758B-4A5E-BDCC-37E748F9F394}"
EndProject
Global
	GlobalSection(SolutionConfigurationPlatforms) = preSolution
		Debug|Any CPU = Debug|Any CPU
		Release|Any CPU = Release|Any CPU
	EndGlobalSection
	GlobalSection(ProjectConfigurationPlatforms) = postSolution
		{CBC02E56-758B-4A5E-BDCC-37E748F9F394}.Debug|Any CPU.ActiveCfg = Debug|Any CPU
		{CBC02E56-758B-4A5E-BDCC-37E748F9F394}.Debug|Any CPU.Build.0 = Debug|Any CPU
		{CBC02E56-758B-4A5E-BDCC-37E748F9F394}.Release|Any CPU.ActiveCfg = Release|Any CPU
		{CBC02E56-758B-4A5E-BDCC-37E748F9F394}.Release|Any CPU.Build.0 = Release|Any CPU
	EndGlobalSection
	GlobalSection(SolutionProperties) = preSolution
		HideSolutionNode = FALSE
	EndGlobalSection
	GlobalSection(ExtensibilityGlobals) = postSolution
		SolutionGuid = {FD950033-1165-4CAB-9264-3A599EE268ED}
	EndGlobalSection
EndGlobal
